
Microsoft Visual Studio Solution File, Format Version 12.00
# Visual Studio Version 17
VisualStudioVersion = 17.6.33801.468
MinimumVisualStudioVersion = 10.0.40219.1
Project("{888888A0-9F3D-457C-B088-3A5042F75D52}") = "WarbaPython", "WarbaPython.pyproj", "{AF6A72D6-7F98-4E61-8546-B70AA311A5D5}"
EndProject
Global
	GlobalSection(SolutionConfigurationPlatforms) = preSolution
		Debug|Any CPU = Debug|Any CPU
		Release|Any CPU = Release|Any CPU
	EndGlobalSection
	GlobalSection(ProjectConfigurationPlatforms) = postSolution
		{AF6A72D6-7F98-4E61-8546-B70AA311A5D5}.Debug|Any CPU.ActiveCfg = Debug|Any CPU
		{AF6A72D6-7F98-4E61-8546-B70AA311A5D5}.Release|Any CPU.ActiveCfg = Release|Any CPU
	EndGlobalSection
	GlobalSection(SolutionProperties) = preSolution
		HideSolutionNode = FALSE
	EndGlobalSection
	GlobalSection(ExtensibilityGlobals) = postSolution
		SolutionGuid = {14286384-986B-44EE-A30B-6E7ADE798973}
	EndGlobalSection
EndGlobal
